
Microsoft Visual Studio Solution File, Format Version 12.00
# Visual Studio Version 16
VisualStudioVersion = 16.0.28922.388
MinimumVisualStudioVersion = 10.0.40219.1
Project("{2150E333-8FDC-42A3-9474-1A3956D46DE8}") = "Hl7", "Hl7", "{2BEE49D3-FEA1-442E-8C73-02C86EF68FC8}"
EndProject
Project("{9A19103F-16F7-4668-BE54-9A1E7A4F7556}") = "Hl7Test", "Hl7-DotNetCoreTest\Hl7Test.csproj", "{FF947B62-A39B-435B-9727-D81559DC66AB}"
EndProject
Project("{9A19103F-16F7-4668-BE54-9A1E7A4F7556}") = "Hl7Generator", "Hl7Generator\Hl7Generator.csproj", "{6A014CB6-3B7A-46E2-A5F4-92AA21B3DEC3}"
EndProject
Project("{9A19103F-16F7-4668-BE54-9A1E7A4F7556}") = "Hl7Generator.Test", "Hl7Generator.Test\Hl7Generator.Test.csproj", "{6FD32E54-DE7C-4A01-86CC-250E31702292}"
EndProject
Project("{9A19103F-16F7-4668-BE54-9A1E7A4F7556}") = "HL7", "Hl7DotNetCore\HL7.csproj", "{C71796EB-8160-405F-8E43-9C71A96ECD6F}"
EndProject
Project("{9A19103F-16F7-4668-BE54-9A1E7A4F7556}") = "Hl7Sink", "Hl7Sink\Hl7Sink.csproj", "{F3BFD2D6-0171-4D58-9260-D36FF3DC6DC7}"
EndProject
Project("{FAE04EC0-301F-11D3-BF4B-00C04F79EFBC}") = "Hl7BatchFileGenerator", "Hl7BatchFileGenerator\Hl7BatchFileGenerator.csproj", "{44ED3249-293D-427C-BB9F-34C8EB29B71D}"
EndProject
Global
	GlobalSection(SolutionConfigurationPlatforms) = preSolution
		Debug|Any CPU = Debug|Any CPU
		Release|Any CPU = Release|Any CPU
	EndGlobalSection
	GlobalSection(ProjectConfigurationPlatforms) = postSolution
		{FF947B62-A39B-435B-9727-D81559DC66AB}.Debug|Any CPU.ActiveCfg = Debug|Any CPU
		{FF947B62-A39B-435B-9727-D81559DC66AB}.Debug|Any CPU.Build.0 = Debug|Any CPU
		{FF947B62-A39B-435B-9727-D81559DC66AB}.Release|Any CPU.ActiveCfg = Release|Any CPU
		{FF947B62-A39B-435B-9727-D81559DC66AB}.Release|Any CPU.Build.0 = Release|Any CPU
		{6A014CB6-3B7A-46E2-A5F4-92AA21B3DEC3}.Debug|Any CPU.ActiveCfg = Debug|Any CPU
		{6A014CB6-3B7A-46E2-A5F4-92AA21B3DEC3}.Debug|Any CPU.Build.0 = Debug|Any CPU
		{6A014CB6-3B7A-46E2-A5F4-92AA21B3DEC3}.Release|Any CPU.ActiveCfg = Release|Any CPU
		{6A014CB6-3B7A-46E2-A5F4-92AA21B3DEC3}.Release|Any CPU.Build.0 = Release|Any CPU
		{6FD32E54-DE7C-4A01-86CC-250E31702292}.Debug|Any CPU.ActiveCfg = Debug|Any CPU
		{6FD32E54-DE7C-4A01-86CC-250E31702292}.Debug|Any CPU.Build.0 = Debug|Any CPU
		{6FD32E54-DE7C-4A01-86CC-250E31702292}.Release|Any CPU.ActiveCfg = Release|Any CPU
		{6FD32E54-DE7C-4A01-86CC-250E31702292}.Release|Any CPU.Build.0 = Release|Any CPU
		{C71796EB-8160-405F-8E43-9C71A96ECD6F}.Debug|Any CPU.ActiveCfg = Debug|Any CPU
		{C71796EB-8160-405F-8E43-9C71A96ECD6F}.Debug|Any CPU.Build.0 = Debug|Any CPU
		{C71796EB-8160-405F-8E43-9C71A96ECD6F}.Release|Any CPU.ActiveCfg = Release|Any CPU
		{C71796EB-8160-405F-8E43-9C71A96ECD6F}.Release|Any CPU.Build.0 = Release|Any CPU
		{F3BFD2D6-0171-4D58-9260-D36FF3DC6DC7}.Debug|Any CPU.ActiveCfg = Debug|Any CPU
		{F3BFD2D6-0171-4D58-9260-D36FF3DC6DC7}.Debug|Any CPU.Build.0 = Debug|Any CPU
		{F3BFD2D6-0171-4D58-9260-D36FF3DC6DC7}.Release|Any CPU.ActiveCfg = Release|Any CPU
		{F3BFD2D6-0171-4D58-9260-D36FF3DC6DC7}.Release|Any CPU.Build.0 = Release|Any CPU
		{44ED3249-293D-427C-BB9F-34C8EB29B71D}.Debug|Any CPU.ActiveCfg = Debug|Any CPU
		{44ED3249-293D-427C-BB9F-34C8EB29B71D}.Debug|Any CPU.Build.0 = Debug|Any CPU
		{44ED3249-293D-427C-BB9F-34C8EB29B71D}.Release|Any CPU.ActiveCfg = Release|Any CPU
		{44ED3249-293D-427C-BB9F-34C8EB29B71D}.Release|Any CPU.Build.0 = Release|Any CPU
	EndGlobalSection
	GlobalSection(SolutionProperties) = preSolution
		HideSolutionNode = FALSE
	EndGlobalSection
	GlobalSection(NestedProjects) = preSolution
		{FF947B62-A39B-435B-9727-D81559DC66AB} = {2BEE49D3-FEA1-442E-8C73-02C86EF68FC8}
		{C71796EB-8160-405F-8E43-9C71A96ECD6F} = {2BEE49D3-FEA1-442E-8C73-02C86EF68FC8}
	EndGlobalSection
	GlobalSection(ExtensibilityGlobals) = postSolution
		SolutionGuid = {BBCE73FC-9CE2-45F5-BECA-591034029C0A}
	EndGlobalSection
EndGlobal
